
Microsoft Visual Studio Solution File, Format Version 12.00
# Visual Studio Version 17
VisualStudioVersion = 17.9.34728.123
MinimumVisualStudioVersion = 10.0.40219.1
Project("{9A19103F-16F7-4668-BE54-9A1E7A4F7556}") = "EXE201_EduMapper", "EXE201_EduMapper\EXE201_EduMapper.csproj", "{77495E19-0523-4575-8964-48B4C20496D5}"
EndProject
Project("{FAE04EC0-301F-11D3-BF4B-00C04F79EFBC}") = "DAL", "DAL\DAL.csproj", "{FEF6B15C-D74C-445A-B9A1-8F13A858866F}"
EndProject
Project("{FAE04EC0-301F-11D3-BF4B-00C04F79EFBC}") = "BLL", "BLL\BLL.csproj", "{4B1DBF19-05C6-4846-BC20-BD1CC9A65479}"
EndProject
Project("{FAE04EC0-301F-11D3-BF4B-00C04F79EFBC}") = "Common", "Common\Common.csproj", "{18CAD629-D757-46A7-A609-DBD0E9D9BEF9}"
EndProject
Global
	GlobalSection(SolutionConfigurationPlatforms) = preSolution
		Debug|Any CPU = Debug|Any CPU
		Release|Any CPU = Release|Any CPU
	EndGlobalSection
	GlobalSection(ProjectConfigurationPlatforms) = postSolution
		{77495E19-0523-4575-8964-48B4C20496D5}.Debug|Any CPU.ActiveCfg = Debug|Any CPU
		{77495E19-0523-4575-8964-48B4C20496D5}.Debug|Any CPU.Build.0 = Debug|Any CPU
		{77495E19-0523-4575-8964-48B4C20496D5}.Release|Any CPU.ActiveCfg = Release|Any CPU
		{77495E19-0523-4575-8964-48B4C20496D5}.Release|Any CPU.Build.0 = Release|Any CPU
		{FEF6B15C-D74C-445A-B9A1-8F13A858866F}.Debug|Any CPU.ActiveCfg = Debug|Any CPU
		{FEF6B15C-D74C-445A-B9A1-8F13A858866F}.Debug|Any CPU.Build.0 = Debug|Any CPU
		{FEF6B15C-D74C-445A-B9A1-8F13A858866F}.Release|Any CPU.ActiveCfg = Release|Any CPU
		{FEF6B15C-D74C-445A-B9A1-8F13A858866F}.Release|Any CPU.Build.0 = Release|Any CPU
		{4B1DBF19-05C6-4846-BC20-BD1CC9A65479}.Debug|Any CPU.ActiveCfg = Debug|Any CPU
		{4B1DBF19-05C6-4846-BC20-BD1CC9A65479}.Debug|Any CPU.Build.0 = Debug|Any CPU
		{4B1DBF19-05C6-4846-BC20-BD1CC9A65479}.Release|Any CPU.ActiveCfg = Release|Any CPU
		{4B1DBF19-05C6-4846-BC20-BD1CC9A65479}.Release|Any CPU.Build.0 = Release|Any CPU
		{18CAD629-D757-46A7-A609-DBD0E9D9BEF9}.Debug|Any CPU.ActiveCfg = Debug|Any CPU
		{18CAD629-D757-46A7-A609-DBD0E9D9BEF9}.Debug|Any CPU.Build.0 = Debug|Any CPU
		{18CAD629-D757-46A7-A609-DBD0E9D9BEF9}.Release|Any CPU.ActiveCfg = Release|Any CPU
		{18CAD629-D757-46A7-A609-DBD0E9D9BEF9}.Release|Any CPU.Build.0 = Release|Any CPU
	EndGlobalSection
	GlobalSection(SolutionProperties) = preSolution
		HideSolutionNode = FALSE
	EndGlobalSection
	GlobalSection(ExtensibilityGlobals) = postSolution
		SolutionGuid = {5F7CA23C-27D1-4393-B71E-8FFEB87283C6}
	EndGlobalSection
EndGlobal
